
Microsoft Visual Studio Solution File, Format Version 12.00
# Visual Studio Version 17
VisualStudioVersion = 17.11.35327.3
MinimumVisualStudioVersion = 10.0.40219.1
Project("{FAE04EC0-301F-11D3-BF4B-00C04F79EFBC}") = "Databinding with api", "Databinding with api\Databinding with api.csproj", "{34CB91CC-F405-4845-ADD0-BD947EF6AE68}"
EndProject
Global
	GlobalSection(SolutionConfigurationPlatforms) = preSolution
		Debug|Any CPU = Debug|Any CPU
		Release|Any CPU = Release|Any CPU
	EndGlobalSection
	GlobalSection(ProjectConfigurationPlatforms) = postSolution
		{34CB91CC-F405-4845-ADD0-BD947EF6AE68}.Debug|Any CPU.ActiveCfg = Debug|Any CPU
		{34CB91CC-F405-4845-ADD0-BD947EF6AE68}.Debug|Any CPU.Build.0 = Debug|Any CPU
		{34CB91CC-F405-4845-ADD0-BD947EF6AE68}.Debug|Any CPU.Deploy.0 = Debug|Any CPU
		{34CB91CC-F405-4845-ADD0-BD947EF6AE68}.Release|Any CPU.ActiveCfg = Release|Any CPU
		{34CB91CC-F405-4845-ADD0-BD947EF6AE68}.Release|Any CPU.Build.0 = Release|Any CPU
		{34CB91CC-F405-4845-ADD0-BD947EF6AE68}.Release|Any CPU.Deploy.0 = Release|Any CPU
	EndGlobalSection
	GlobalSection(SolutionProperties) = preSolution
		HideSolutionNode = FALSE
	EndGlobalSection
	GlobalSection(ExtensibilityGlobals) = postSolution
		SolutionGuid = {C4A937C7-5AB1-4A37-84BB-D2F44FBDC8E2}
	EndGlobalSection
EndGlobal
